
Microsoft Visual Studio Solution File, Format Version 12.00
# Visual Studio Version 17
VisualStudioVersion = 17.0.32014.148
MinimumVisualStudioVersion = 10.0.40219.1
Project("{FAE04EC0-301F-11D3-BF4B-00C04F79EFBC}") = "CoffeShop", "CoffeShop\CoffeShop.csproj", "{CE17C646-B839-4772-AA8A-9A5556AEF229}"
EndProject
Global
	GlobalSection(SolutionConfigurationPlatforms) = preSolution
		Debug|Any CPU = Debug|Any CPU
		Release|Any CPU = Release|Any CPU
	EndGlobalSection
	GlobalSection(ProjectConfigurationPlatforms) = postSolution
		{CE17C646-B839-4772-AA8A-9A5556AEF229}.Debug|Any CPU.ActiveCfg = Debug|Any CPU
		{CE17C646-B839-4772-AA8A-9A5556AEF229}.Debug|Any CPU.Build.0 = Debug|Any CPU
		{CE17C646-B839-4772-AA8A-9A5556AEF229}.Release|Any CPU.ActiveCfg = Release|Any CPU
		{CE17C646-B839-4772-AA8A-9A5556AEF229}.Release|Any CPU.Build.0 = Release|Any CPU
	EndGlobalSection
	GlobalSection(SolutionProperties) = preSolution
		HideSolutionNode = FALSE
	EndGlobalSection
	GlobalSection(ExtensibilityGlobals) = postSolution
		SolutionGuid = {216ED862-D128-4A10-9622-A9A4569FD527}
	EndGlobalSection
EndGlobal
